
Microsoft Visual Studio Solution File, Format Version 12.00
# Visual Studio Version 16
VisualStudioVersion = 16.0.29123.88
MinimumVisualStudioVersion = 10.0.40219.1
Project("{FAE04EC0-301F-11D3-BF4B-00C04F79EFBC}") = "restaurant", "restaurant\restaurant.csproj", "{338ED517-9B59-4E26-8E4E-91F976F473F2}"
EndProject
Global
	GlobalSection(SolutionConfigurationPlatforms) = preSolution
		Debug|Any CPU = Debug|Any CPU
		Release|Any CPU = Release|Any CPU
	EndGlobalSection
	GlobalSection(ProjectConfigurationPlatforms) = postSolution
		{338ED517-9B59-4E26-8E4E-91F976F473F2}.Debug|Any CPU.ActiveCfg = Debug|Any CPU
		{338ED517-9B59-4E26-8E4E-91F976F473F2}.Debug|Any CPU.Build.0 = Debug|Any CPU
		{338ED517-9B59-4E26-8E4E-91F976F473F2}.Release|Any CPU.ActiveCfg = Release|Any CPU
		{338ED517-9B59-4E26-8E4E-91F976F473F2}.Release|Any CPU.Build.0 = Release|Any CPU
	EndGlobalSection
	GlobalSection(SolutionProperties) = preSolution
		HideSolutionNode = FALSE
	EndGlobalSection
	GlobalSection(ExtensibilityGlobals) = postSolution
		SolutionGuid = {69F81FC3-7ADA-453D-A63A-E16B1957819D}
	EndGlobalSection
EndGlobal
